
Microsoft Visual Studio Solution File, Format Version 12.00
# Visual Studio 2012
Project("{FAE04EC0-301F-11D3-BF4B-00C04F79EFBC}") = "MvvmCross-AndroidDrawer.Core", "MvvmCross-AndroidDrawer.Core\MvvmCross-AndroidDrawer.Core.csproj", "{1341B2B1-DD40-4480-B4DB-87202A5432CE}"
EndProject
Project("{FAE04EC0-301F-11D3-BF4B-00C04F79EFBC}") = "MvvmCross-AndroidDrawer.Android", "MvvmCross-AndroidDrawer.Android\MvvmCross-AndroidDrawer.Android.csproj", "{EE21E1BB-C8B9-42FA-AC34-D8AA66B33129}"
EndProject
Global
	GlobalSection(SolutionConfigurationPlatforms) = preSolution
		Debug|Any CPU = Debug|Any CPU
		Release|Any CPU = Release|Any CPU
	EndGlobalSection
	GlobalSection(ProjectConfigurationPlatforms) = postSolution
		{1341B2B1-DD40-4480-B4DB-87202A5432CE}.Debug|Any CPU.ActiveCfg = Debug|Any CPU
		{1341B2B1-DD40-4480-B4DB-87202A5432CE}.Debug|Any CPU.Build.0 = Debug|Any CPU
		{1341B2B1-DD40-4480-B4DB-87202A5432CE}.Release|Any CPU.ActiveCfg = Release|Any CPU
		{1341B2B1-DD40-4480-B4DB-87202A5432CE}.Release|Any CPU.Build.0 = Release|Any CPU
		{EE21E1BB-C8B9-42FA-AC34-D8AA66B33129}.Debug|Any CPU.ActiveCfg = Debug|Any CPU
		{EE21E1BB-C8B9-42FA-AC34-D8AA66B33129}.Debug|Any CPU.Build.0 = Debug|Any CPU
		{EE21E1BB-C8B9-42FA-AC34-D8AA66B33129}.Release|Any CPU.ActiveCfg = Release|Any CPU
		{EE21E1BB-C8B9-42FA-AC34-D8AA66B33129}.Release|Any CPU.Build.0 = Release|Any CPU
	EndGlobalSection
EndGlobal
